
Microsoft Visual Studio Solution File, Format Version 12.00
# Visual Studio 15
VisualStudioVersion = 15.0.28010.2026
MinimumVisualStudioVersion = 10.0.40219.1
Project("{9A19103F-16F7-4668-BE54-9A1E7A4F7556}") = "api", "api\api.csproj", "{6F5D9FC4-C04F-44A9-AA21-27A7E3944FB4}"
EndProject
Project("{FAE04EC0-301F-11D3-BF4B-00C04F79EFBC}") = "model", "model\model.csproj", "{F43FA21C-EEAC-416E-A840-AF6D91227745}"
EndProject
Global
	GlobalSection(SolutionConfigurationPlatforms) = preSolution
		Debug|Any CPU = Debug|Any CPU
		Release|Any CPU = Release|Any CPU
	EndGlobalSection
	GlobalSection(ProjectConfigurationPlatforms) = postSolution
		{6F5D9FC4-C04F-44A9-AA21-27A7E3944FB4}.Debug|Any CPU.ActiveCfg = Debug|Any CPU
		{6F5D9FC4-C04F-44A9-AA21-27A7E3944FB4}.Debug|Any CPU.Build.0 = Debug|Any CPU
		{6F5D9FC4-C04F-44A9-AA21-27A7E3944FB4}.Release|Any CPU.ActiveCfg = Release|Any CPU
		{6F5D9FC4-C04F-44A9-AA21-27A7E3944FB4}.Release|Any CPU.Build.0 = Release|Any CPU
		{F43FA21C-EEAC-416E-A840-AF6D91227745}.Debug|Any CPU.ActiveCfg = Debug|Any CPU
		{F43FA21C-EEAC-416E-A840-AF6D91227745}.Debug|Any CPU.Build.0 = Debug|Any CPU
		{F43FA21C-EEAC-416E-A840-AF6D91227745}.Release|Any CPU.ActiveCfg = Release|Any CPU
		{F43FA21C-EEAC-416E-A840-AF6D91227745}.Release|Any CPU.Build.0 = Release|Any CPU
	EndGlobalSection
	GlobalSection(SolutionProperties) = preSolution
		HideSolutionNode = FALSE
	EndGlobalSection
	GlobalSection(ExtensibilityGlobals) = postSolution
		SolutionGuid = {47E1F5A4-898C-4297-ACF1-76EB4EBDE476}
	EndGlobalSection
EndGlobal
